
Microsoft Visual Studio Solution File, Format Version 12.00
# Visual Studio Version 16
VisualStudioVersion = 16.0.28803.202
MinimumVisualStudioVersion = 10.0.40219.1
Project("{FAE04EC0-301F-11D3-BF4B-00C04F79EFBC}") = "UserRegistrationLogin", "UserRegistrationLogin\UserRegistrationLogin.csproj", "{A307FF7E-3761-48E3-A8AB-7DC7D6DDC418}"
EndProject
Global
	GlobalSection(SolutionConfigurationPlatforms) = preSolution
		Debug|Any CPU = Debug|Any CPU
		Release|Any CPU = Release|Any CPU
	EndGlobalSection
	GlobalSection(ProjectConfigurationPlatforms) = postSolution
		{A307FF7E-3761-48E3-A8AB-7DC7D6DDC418}.Debug|Any CPU.ActiveCfg = Debug|Any CPU
		{A307FF7E-3761-48E3-A8AB-7DC7D6DDC418}.Debug|Any CPU.Build.0 = Debug|Any CPU
		{A307FF7E-3761-48E3-A8AB-7DC7D6DDC418}.Release|Any CPU.ActiveCfg = Release|Any CPU
		{A307FF7E-3761-48E3-A8AB-7DC7D6DDC418}.Release|Any CPU.Build.0 = Release|Any CPU
	EndGlobalSection
	GlobalSection(SolutionProperties) = preSolution
		HideSolutionNode = FALSE
	EndGlobalSection
	GlobalSection(ExtensibilityGlobals) = postSolution
		SolutionGuid = {1A97B3C7-BC85-49C3-82D3-3A2F3C9ACE86}
	EndGlobalSection
EndGlobal
